
Microsoft Visual Studio Solution File, Format Version 12.00
# Visual Studio 15
VisualStudioVersion = 15.0.27130.2027
MinimumVisualStudioVersion = 10.0.40219.1
Project("{8BC9CEB8-8B4A-11D0-8D11-00A0C91BC942}") = "lab02", "lab02\lab02.vcxproj", "{FA420C4C-68BA-4097-88C3-417E692F3FF1}"
EndProject
Global
	GlobalSection(SolutionConfigurationPlatforms) = preSolution
		Debug|x64 = Debug|x64
		Debug|x86 = Debug|x86
		Release|x64 = Release|x64
		Release|x86 = Release|x86
	EndGlobalSection
	GlobalSection(ProjectConfigurationPlatforms) = postSolution
		{FA420C4C-68BA-4097-88C3-417E692F3FF1}.Debug|x64.ActiveCfg = Debug|x64
		{FA420C4C-68BA-4097-88C3-417E692F3FF1}.Debug|x64.Build.0 = Debug|x64
		{FA420C4C-68BA-4097-88C3-417E692F3FF1}.Debug|x86.ActiveCfg = Debug|Win32
		{FA420C4C-68BA-4097-88C3-417E692F3FF1}.Debug|x86.Build.0 = Debug|Win32
		{FA420C4C-68BA-4097-88C3-417E692F3FF1}.Release|x64.ActiveCfg = Release|x64
		{FA420C4C-68BA-4097-88C3-417E692F3FF1}.Release|x64.Build.0 = Release|x64
		{FA420C4C-68BA-4097-88C3-417E692F3FF1}.Release|x86.ActiveCfg = Release|Win32
		{FA420C4C-68BA-4097-88C3-417E692F3FF1}.Release|x86.Build.0 = Release|Win32
	EndGlobalSection
	GlobalSection(SolutionProperties) = preSolution
		HideSolutionNode = FALSE
	EndGlobalSection
	GlobalSection(ExtensibilityGlobals) = postSolution
		SolutionGuid = {2D2B0E88-506B-4445-AB92-0B5ECA72720C}
	EndGlobalSection
EndGlobal
